
Microsoft Visual Studio Solution File, Format Version 12.00
# Visual Studio 2012
Project("{FAE04EC0-301F-11D3-BF4B-00C04F79EFBC}") = "MUIT2013.Presentation", "MUIT2013.Presentation\MUIT2013.Presentation.csproj", "{0398BEA2-FFB9-4CEE-B5D8-C289125FD83E}"
EndProject
Project("{FAE04EC0-301F-11D3-BF4B-00C04F79EFBC}") = "MUIT2013.Data", "MUIT2013.Data\MUIT2013.Data.csproj", "{20C79C77-2681-49B5-9804-DA7845BB53F2}"
EndProject
Project("{FAE04EC0-301F-11D3-BF4B-00C04F79EFBC}") = "MUIT2013.Business", "MUIT2013.Business\MUIT2013.Business.csproj", "{28C14487-863F-48AF-9179-E191A9C06A87}"
EndProject
Project("{FAE04EC0-301F-11D3-BF4B-00C04F79EFBC}") = "MUIT2013.Utils", "MUIT2013.Utils\MUIT2013.Utils.csproj", "{AC22C4D7-3E63-41B5-AA61-E079B42B58FF}"
EndProject
Project("{FAE04EC0-301F-11D3-BF4B-00C04F79EFBC}") = "MUIT2013.Tests", "MUIT2013.Tests\MUIT2013.Tests.csproj", "{D497502E-713A-4909-9340-5E9613C6197A}"
EndProject
Project("{FAE04EC0-301F-11D3-BF4B-00C04F79EFBC}") = "MUIT2013.DataMining", "MUIT2013.DataMining\MUIT2013.DataMining.csproj", "{F564FFFE-A84D-4D65-B054-A3091F572C61}"
EndProject
Project("{FAE04EC0-301F-11D3-BF4B-00C04F79EFBC}") = "MUIT2013.DataMining.Reducts", "MUIT2013.DataMining.Reducts\MUIT2013.DataMining.Reducts.csproj", "{1401B9E9-064D-43A3-AFDC-2D1F2109B337}"
EndProject
Project("{FAE04EC0-301F-11D3-BF4B-00C04F79EFBC}") = "MUIT2013.DataMining.DecisionPartition", "MUIT2013.DataMining.DecisionPartition\MUIT2013.DataMining.DecisionPartition.csproj", "{56A5B38C-BD69-4E90-8B7C-6A4F1826D7BC}"
EndProject
Project("{FAE04EC0-301F-11D3-BF4B-00C04F79EFBC}") = "MUIT2013.DataMining.Chi2", "MUIT2013.DataMining.Chi2\MUIT2013.DataMining.Chi2.csproj", "{48447CE3-331C-416E-BCA4-2830B73B8C71}"
EndProject
Global
	GlobalSection(SolutionConfigurationPlatforms) = preSolution
		Debug|Any CPU = Debug|Any CPU
		Release|Any CPU = Release|Any CPU
	EndGlobalSection
	GlobalSection(ProjectConfigurationPlatforms) = postSolution
		{0398BEA2-FFB9-4CEE-B5D8-C289125FD83E}.Debug|Any CPU.ActiveCfg = Debug|Any CPU
		{0398BEA2-FFB9-4CEE-B5D8-C289125FD83E}.Debug|Any CPU.Build.0 = Debug|Any CPU
		{0398BEA2-FFB9-4CEE-B5D8-C289125FD83E}.Release|Any CPU.ActiveCfg = Release|Any CPU
		{0398BEA2-FFB9-4CEE-B5D8-C289125FD83E}.Release|Any CPU.Build.0 = Release|Any CPU
		{20C79C77-2681-49B5-9804-DA7845BB53F2}.Debug|Any CPU.ActiveCfg = Debug|Any CPU
		{20C79C77-2681-49B5-9804-DA7845BB53F2}.Debug|Any CPU.Build.0 = Debug|Any CPU
		{20C79C77-2681-49B5-9804-DA7845BB53F2}.Release|Any CPU.ActiveCfg = Release|Any CPU
		{20C79C77-2681-49B5-9804-DA7845BB53F2}.Release|Any CPU.Build.0 = Release|Any CPU
		{28C14487-863F-48AF-9179-E191A9C06A87}.Debug|Any CPU.ActiveCfg = Debug|Any CPU
		{28C14487-863F-48AF-9179-E191A9C06A87}.Debug|Any CPU.Build.0 = Debug|Any CPU
		{28C14487-863F-48AF-9179-E191A9C06A87}.Release|Any CPU.ActiveCfg = Release|Any CPU
		{28C14487-863F-48AF-9179-E191A9C06A87}.Release|Any CPU.Build.0 = Release|Any CPU
		{AC22C4D7-3E63-41B5-AA61-E079B42B58FF}.Debug|Any CPU.ActiveCfg = Debug|Any CPU
		{AC22C4D7-3E63-41B5-AA61-E079B42B58FF}.Debug|Any CPU.Build.0 = Debug|Any CPU
		{AC22C4D7-3E63-41B5-AA61-E079B42B58FF}.Release|Any CPU.ActiveCfg = Release|Any CPU
		{AC22C4D7-3E63-41B5-AA61-E079B42B58FF}.Release|Any CPU.Build.0 = Release|Any CPU
		{D497502E-713A-4909-9340-5E9613C6197A}.Debug|Any CPU.ActiveCfg = Debug|Any CPU
		{D497502E-713A-4909-9340-5E9613C6197A}.Debug|Any CPU.Build.0 = Debug|Any CPU
		{D497502E-713A-4909-9340-5E9613C6197A}.Release|Any CPU.ActiveCfg = Release|Any CPU
		{D497502E-713A-4909-9340-5E9613C6197A}.Release|Any CPU.Build.0 = Release|Any CPU
		{F564FFFE-A84D-4D65-B054-A3091F572C61}.Debug|Any CPU.ActiveCfg = Debug|Any CPU
		{F564FFFE-A84D-4D65-B054-A3091F572C61}.Debug|Any CPU.Build.0 = Debug|Any CPU
		{F564FFFE-A84D-4D65-B054-A3091F572C61}.Release|Any CPU.ActiveCfg = Release|Any CPU
		{F564FFFE-A84D-4D65-B054-A3091F572C61}.Release|Any CPU.Build.0 = Release|Any CPU
		{1401B9E9-064D-43A3-AFDC-2D1F2109B337}.Debug|Any CPU.ActiveCfg = Debug|Any CPU
		{1401B9E9-064D-43A3-AFDC-2D1F2109B337}.Debug|Any CPU.Build.0 = Debug|Any CPU
		{1401B9E9-064D-43A3-AFDC-2D1F2109B337}.Release|Any CPU.ActiveCfg = Release|Any CPU
		{1401B9E9-064D-43A3-AFDC-2D1F2109B337}.Release|Any CPU.Build.0 = Release|Any CPU
		{56A5B38C-BD69-4E90-8B7C-6A4F1826D7BC}.Debug|Any CPU.ActiveCfg = Debug|Any CPU
		{56A5B38C-BD69-4E90-8B7C-6A4F1826D7BC}.Debug|Any CPU.Build.0 = Debug|Any CPU
		{56A5B38C-BD69-4E90-8B7C-6A4F1826D7BC}.Release|Any CPU.ActiveCfg = Release|Any CPU
		{56A5B38C-BD69-4E90-8B7C-6A4F1826D7BC}.Release|Any CPU.Build.0 = Release|Any CPU
		{48447CE3-331C-416E-BCA4-2830B73B8C71}.Debug|Any CPU.ActiveCfg = Debug|Any CPU
		{48447CE3-331C-416E-BCA4-2830B73B8C71}.Debug|Any CPU.Build.0 = Debug|Any CPU
		{48447CE3-331C-416E-BCA4-2830B73B8C71}.Release|Any CPU.ActiveCfg = Release|Any CPU
		{48447CE3-331C-416E-BCA4-2830B73B8C71}.Release|Any CPU.Build.0 = Release|Any CPU
	EndGlobalSection
	GlobalSection(SolutionProperties) = preSolution
		HideSolutionNode = FALSE
	EndGlobalSection
EndGlobal
